
Microsoft Visual Studio Solution File, Format Version 12.00
# Visual Studio Version 17
VisualStudioVersion = 17.9.34622.214
MinimumVisualStudioVersion = 10.0.40219.1
Project("{9A19103F-16F7-4668-BE54-9A1E7A4F7556}") = "MDI_Project", "MDI_Project.csproj", "{FEF73C18-CB96-44C8-96BB-9D8619680B31}"
EndProject
Project("{2150E333-8FDC-42A3-9474-1A3956D46DE8}") = "Solution Items", "Solution Items", "{BF616F6F-52BA-496C-B2EB-41B9E6B7842D}"
EndProject
Global
	GlobalSection(SolutionConfigurationPlatforms) = preSolution
		Debug|Any CPU = Debug|Any CPU
		Release|Any CPU = Release|Any CPU
	EndGlobalSection
	GlobalSection(ProjectConfigurationPlatforms) = postSolution
		{FEF73C18-CB96-44C8-96BB-9D8619680B31}.Debug|Any CPU.ActiveCfg = Debug|Any CPU
		{FEF73C18-CB96-44C8-96BB-9D8619680B31}.Debug|Any CPU.Build.0 = Debug|Any CPU
		{FEF73C18-CB96-44C8-96BB-9D8619680B31}.Release|Any CPU.ActiveCfg = Release|Any CPU
		{FEF73C18-CB96-44C8-96BB-9D8619680B31}.Release|Any CPU.Build.0 = Release|Any CPU
	EndGlobalSection
	GlobalSection(SolutionProperties) = preSolution
		HideSolutionNode = FALSE
	EndGlobalSection
	GlobalSection(ExtensibilityGlobals) = postSolution
		SolutionGuid = {6AD1FC04-F20C-40A9-8FC3-903DF78E1E06}
	EndGlobalSection
EndGlobal
